
Microsoft Visual Studio Solution File, Format Version 12.00
# Visual Studio Version 16
VisualStudioVersion = 16.0.28803.202
MinimumVisualStudioVersion = 10.0.40219.1
Project("{FAE04EC0-301F-11D3-BF4B-00C04F79EFBC}") = "E-TIPI LEARNING", "E-TIPI LEARNING\E-TIPI LEARNING.csproj", "{D038B212-EAEE-4F92-9728-5699C26B30ED}"
EndProject
Global
	GlobalSection(SolutionConfigurationPlatforms) = preSolution
		Debug|Any CPU = Debug|Any CPU
		Release|Any CPU = Release|Any CPU
	EndGlobalSection
	GlobalSection(ProjectConfigurationPlatforms) = postSolution
		{D038B212-EAEE-4F92-9728-5699C26B30ED}.Debug|Any CPU.ActiveCfg = Debug|Any CPU
		{D038B212-EAEE-4F92-9728-5699C26B30ED}.Debug|Any CPU.Build.0 = Debug|Any CPU
		{D038B212-EAEE-4F92-9728-5699C26B30ED}.Release|Any CPU.ActiveCfg = Release|Any CPU
		{D038B212-EAEE-4F92-9728-5699C26B30ED}.Release|Any CPU.Build.0 = Release|Any CPU
	EndGlobalSection
	GlobalSection(SolutionProperties) = preSolution
		HideSolutionNode = FALSE
	EndGlobalSection
	GlobalSection(ExtensibilityGlobals) = postSolution
		SolutionGuid = {F76B58C3-13FA-418A-96CC-5E2319193287}
	EndGlobalSection
EndGlobal
